# This file is automatically @generated by Poetry 2.3.4 and should not be changed by hand.

[[package]]
name = "mlx"
version = "2.2"
description = "A simple window interface library for students."
optional = false
python-versions = "*"
groups = ["main"]
files = [
    {file = "mlx-2.2-py3-ubuntu-any.whl", hash = "sha256:7a1a44b50b6295f574522ba1a1e589632c6299d193dec57c951e8fdfb3337195"},
]

[package.source]
type = "file"
url = "mlx-2.2-py3-ubuntu-any.whl"

[metadata]
lock-version = "2.1"
python-versions = ">=3.13"
content-hash = "a41b16bdcc2127c77e426eb23d608e929a2e263119e3bd918beed6e72bfcbbc9"
